
Microsoft Visual Studio Solution File, Format Version 12.00
# Visual Studio Version 16
VisualStudioVersion = 16.0.29009.5
MinimumVisualStudioVersion = 10.0.40219.1
Project("{FAE04EC0-301F-11D3-BF4B-00C04F79EFBC}") = "RBS_YDLidarSerial", "RBS_YDLidarSerial\RBS_YDLidarSerial.csproj", "{C6BD0163-E37F-4426-8CD2-525D0552754E}"
EndProject
Project("{FAE04EC0-301F-11D3-BF4B-00C04F79EFBC}") = "TestDLLSerialLidar", "TestDLLSerialLidar\TestDLLSerialLidar.csproj", "{381AA2E6-4974-4665-B28A-C4291ABC04D2}"
EndProject
Project("{FAE04EC0-301F-11D3-BF4B-00C04F79EFBC}") = "TestTelaCloudPoint", "TestTelaCloudPoint\TestTelaCloudPoint.csproj", "{5C7894ED-3F7D-42E7-8844-C27C2CD1FBFD}"
EndProject
Global
	GlobalSection(SolutionConfigurationPlatforms) = preSolution
		Debug|Any CPU = Debug|Any CPU
		Release|Any CPU = Release|Any CPU
	EndGlobalSection
	GlobalSection(ProjectConfigurationPlatforms) = postSolution
		{C6BD0163-E37F-4426-8CD2-525D0552754E}.Debug|Any CPU.ActiveCfg = Debug|Any CPU
		{C6BD0163-E37F-4426-8CD2-525D0552754E}.Debug|Any CPU.Build.0 = Debug|Any CPU
		{C6BD0163-E37F-4426-8CD2-525D0552754E}.Release|Any CPU.ActiveCfg = Release|Any CPU
		{C6BD0163-E37F-4426-8CD2-525D0552754E}.Release|Any CPU.Build.0 = Release|Any CPU
		{381AA2E6-4974-4665-B28A-C4291ABC04D2}.Debug|Any CPU.ActiveCfg = Debug|Any CPU
		{381AA2E6-4974-4665-B28A-C4291ABC04D2}.Debug|Any CPU.Build.0 = Debug|Any CPU
		{381AA2E6-4974-4665-B28A-C4291ABC04D2}.Release|Any CPU.ActiveCfg = Release|Any CPU
		{381AA2E6-4974-4665-B28A-C4291ABC04D2}.Release|Any CPU.Build.0 = Release|Any CPU
		{5C7894ED-3F7D-42E7-8844-C27C2CD1FBFD}.Debug|Any CPU.ActiveCfg = Debug|Any CPU
		{5C7894ED-3F7D-42E7-8844-C27C2CD1FBFD}.Debug|Any CPU.Build.0 = Debug|Any CPU
		{5C7894ED-3F7D-42E7-8844-C27C2CD1FBFD}.Release|Any CPU.ActiveCfg = Release|Any CPU
		{5C7894ED-3F7D-42E7-8844-C27C2CD1FBFD}.Release|Any CPU.Build.0 = Release|Any CPU
	EndGlobalSection
	GlobalSection(SolutionProperties) = preSolution
		HideSolutionNode = FALSE
	EndGlobalSection
	GlobalSection(ExtensibilityGlobals) = postSolution
		SolutionGuid = {EC795946-ACDD-4A41-89C9-1B5F8F10FFB6}
	EndGlobalSection
EndGlobal
